
Microsoft Visual Studio Solution File, Format Version 12.00
# Visual Studio Version 17
VisualStudioVersion = 17.5.33414.496
MinimumVisualStudioVersion = 10.0.40219.1
Project("{FAE04EC0-301F-11D3-BF4B-00C04F79EFBC}") = "AspBlog.Web", "AspBlog.Web\AspBlog.Web.csproj", "{81890C0C-5983-4F5E-AC99-08DBECFCF6B0}"
EndProject
Project("{FAE04EC0-301F-11D3-BF4B-00C04F79EFBC}") = "AspBlog.API", "AspBlog.API\AspBlog.API.csproj", "{E8C63733-DD48-4E49-8E22-C042CC7FD7ED}"
EndProject
Project("{FAE04EC0-301F-11D3-BF4B-00C04F79EFBC}") = "AspBlog.DATA", "AspBlog.DATA\AspBlog.DATA.csproj", "{A6A4C236-189C-4182-844F-E34BADDF4DF1}"
EndProject
Global
	GlobalSection(SolutionConfigurationPlatforms) = preSolution
		Debug|Any CPU = Debug|Any CPU
		Release|Any CPU = Release|Any CPU
	EndGlobalSection
	GlobalSection(ProjectConfigurationPlatforms) = postSolution
		{81890C0C-5983-4F5E-AC99-08DBECFCF6B0}.Debug|Any CPU.ActiveCfg = Debug|Any CPU
		{81890C0C-5983-4F5E-AC99-08DBECFCF6B0}.Debug|Any CPU.Build.0 = Debug|Any CPU
		{81890C0C-5983-4F5E-AC99-08DBECFCF6B0}.Release|Any CPU.ActiveCfg = Release|Any CPU
		{81890C0C-5983-4F5E-AC99-08DBECFCF6B0}.Release|Any CPU.Build.0 = Release|Any CPU
		{E8C63733-DD48-4E49-8E22-C042CC7FD7ED}.Debug|Any CPU.ActiveCfg = Debug|Any CPU
		{E8C63733-DD48-4E49-8E22-C042CC7FD7ED}.Debug|Any CPU.Build.0 = Debug|Any CPU
		{E8C63733-DD48-4E49-8E22-C042CC7FD7ED}.Release|Any CPU.ActiveCfg = Release|Any CPU
		{E8C63733-DD48-4E49-8E22-C042CC7FD7ED}.Release|Any CPU.Build.0 = Release|Any CPU
		{A6A4C236-189C-4182-844F-E34BADDF4DF1}.Debug|Any CPU.ActiveCfg = Debug|Any CPU
		{A6A4C236-189C-4182-844F-E34BADDF4DF1}.Debug|Any CPU.Build.0 = Debug|Any CPU
		{A6A4C236-189C-4182-844F-E34BADDF4DF1}.Release|Any CPU.ActiveCfg = Release|Any CPU
		{A6A4C236-189C-4182-844F-E34BADDF4DF1}.Release|Any CPU.Build.0 = Release|Any CPU
	EndGlobalSection
	GlobalSection(SolutionProperties) = preSolution
		HideSolutionNode = FALSE
	EndGlobalSection
	GlobalSection(ExtensibilityGlobals) = postSolution
		SolutionGuid = {D098F34D-EBCF-4CFD-A79F-B34A2603AFC6}
	EndGlobalSection
EndGlobal
